
Microsoft Visual Studio Solution File, Format Version 11.00
# Visual Studio 2010
Project("{FAE04EC0-301F-11D3-BF4B-00C04F79EFBC}") = "Assembly-CSharp", "Assembly-CSharp.csproj", "{a2733c68-2723-cd82-51fa-de24106ea42f}"
EndProject
Project("{FAE04EC0-301F-11D3-BF4B-00C04F79EFBC}") = "Assembly-CSharp-firstpass", "Assembly-CSharp-firstpass.csproj", "{7a3f783f-f389-27a0-d3d9-8219a89a9715}"
EndProject
Project("{FAE04EC0-301F-11D3-BF4B-00C04F79EFBC}") = "Assembly-CSharp-Editor", "Assembly-CSharp-Editor.csproj", "{5179b24b-5826-b1bc-3a7d-a2381988e742}"
EndProject
Global
	GlobalSection(SolutionConfigurationPlatforms) = preSolution
		Debug|Any CPU = Debug|Any CPU
	EndGlobalSection
	GlobalSection(ProjectConfigurationPlatforms) = postSolution
		{a2733c68-2723-cd82-51fa-de24106ea42f}.Debug|Any CPU.ActiveCfg = Debug|Any CPU
		{a2733c68-2723-cd82-51fa-de24106ea42f}.Debug|Any CPU.Build.0 = Debug|Any CPU
		{7a3f783f-f389-27a0-d3d9-8219a89a9715}.Debug|Any CPU.ActiveCfg = Debug|Any CPU
		{7a3f783f-f389-27a0-d3d9-8219a89a9715}.Debug|Any CPU.Build.0 = Debug|Any CPU
		{5179b24b-5826-b1bc-3a7d-a2381988e742}.Debug|Any CPU.ActiveCfg = Debug|Any CPU
		{5179b24b-5826-b1bc-3a7d-a2381988e742}.Debug|Any CPU.Build.0 = Debug|Any CPU
	EndGlobalSection
	GlobalSection(SolutionProperties) = preSolution
		HideSolutionNode = FALSE
	EndGlobalSection
EndGlobal
