
Microsoft Visual Studio Solution File, Format Version 11.00
# Visual Studio 2010
Project("{FAE04EC0-301F-11D3-BF4B-00C04F79EFBC}") = "Assembly-CSharp", "Assembly-CSharp.csproj", "{11f581d6-e622-f159-42cc-965f52cee118}"
EndProject
Project("{FAE04EC0-301F-11D3-BF4B-00C04F79EFBC}") = "Assembly-CSharp-Editor", "Assembly-CSharp-Editor.csproj", "{07ef0d38-d573-c1d8-ad27-611fd5b263c0}"
EndProject
Global
	GlobalSection(SolutionConfigurationPlatforms) = preSolution
		Debug|Any CPU = Debug|Any CPU
	EndGlobalSection
	GlobalSection(ProjectConfigurationPlatforms) = postSolution
		{11f581d6-e622-f159-42cc-965f52cee118}.Debug|Any CPU.ActiveCfg = Debug|Any CPU
		{11f581d6-e622-f159-42cc-965f52cee118}.Debug|Any CPU.Build.0 = Debug|Any CPU
		{07ef0d38-d573-c1d8-ad27-611fd5b263c0}.Debug|Any CPU.ActiveCfg = Debug|Any CPU
		{07ef0d38-d573-c1d8-ad27-611fd5b263c0}.Debug|Any CPU.Build.0 = Debug|Any CPU
	EndGlobalSection
	GlobalSection(SolutionProperties) = preSolution
		HideSolutionNode = FALSE
	EndGlobalSection
EndGlobal
